
Microsoft Visual Studio Solution File, Format Version 12.00
# Visual Studio 15
VisualStudioVersion = 15.0.28307.168
MinimumVisualStudioVersion = 10.0.40219.1
Project("{FAE04EC0-301F-11D3-BF4B-00C04F79EFBC}") = "load.emails", "load.emails\load.emails.csproj", "{E2D1D79C-B8D2-46B8-9DD6-A497672D5DF0}"
EndProject
Project("{FAE04EC0-301F-11D3-BF4B-00C04F79EFBC}") = "send.email", "send.email\send.email.csproj", "{6D650009-52CB-43FA-B91A-1F6456EFB817}"
EndProject
Project("{FAE04EC0-301F-11D3-BF4B-00C04F79EFBC}") = "reports.email", "reports.email\reports.email.csproj", "{D5E64E1A-FCFF-4391-9AC5-8023787BBAE1}"
EndProject
Global
	GlobalSection(SolutionConfigurationPlatforms) = preSolution
		Debug|Any CPU = Debug|Any CPU
		Release|Any CPU = Release|Any CPU
	EndGlobalSection
	GlobalSection(ProjectConfigurationPlatforms) = postSolution
		{E2D1D79C-B8D2-46B8-9DD6-A497672D5DF0}.Debug|Any CPU.ActiveCfg = Debug|Any CPU
		{E2D1D79C-B8D2-46B8-9DD6-A497672D5DF0}.Debug|Any CPU.Build.0 = Debug|Any CPU
		{E2D1D79C-B8D2-46B8-9DD6-A497672D5DF0}.Release|Any CPU.ActiveCfg = Release|Any CPU
		{E2D1D79C-B8D2-46B8-9DD6-A497672D5DF0}.Release|Any CPU.Build.0 = Release|Any CPU
		{6D650009-52CB-43FA-B91A-1F6456EFB817}.Debug|Any CPU.ActiveCfg = Debug|Any CPU
		{6D650009-52CB-43FA-B91A-1F6456EFB817}.Debug|Any CPU.Build.0 = Debug|Any CPU
		{6D650009-52CB-43FA-B91A-1F6456EFB817}.Release|Any CPU.ActiveCfg = Release|Any CPU
		{6D650009-52CB-43FA-B91A-1F6456EFB817}.Release|Any CPU.Build.0 = Release|Any CPU
		{D5E64E1A-FCFF-4391-9AC5-8023787BBAE1}.Debug|Any CPU.ActiveCfg = Debug|Any CPU
		{D5E64E1A-FCFF-4391-9AC5-8023787BBAE1}.Debug|Any CPU.Build.0 = Debug|Any CPU
		{D5E64E1A-FCFF-4391-9AC5-8023787BBAE1}.Release|Any CPU.ActiveCfg = Release|Any CPU
		{D5E64E1A-FCFF-4391-9AC5-8023787BBAE1}.Release|Any CPU.Build.0 = Release|Any CPU
	EndGlobalSection
	GlobalSection(SolutionProperties) = preSolution
		HideSolutionNode = FALSE
	EndGlobalSection
	GlobalSection(ExtensibilityGlobals) = postSolution
		SolutionGuid = {C0C0ACC1-B7F7-460B-A47F-3610993DEF11}
	EndGlobalSection
EndGlobal
